Microsoft Visual Studio Solution File, Format Version 12.00
# Visual Studio 15
VisualStudioVersion = 15.0.26228.9
MinimumVisualStudioVersion = 15.0.26124.0
Project("{9A19103F-16F7-4668-BE54-9A1E7A4F7556}") = "FakeHttpService", "FakeHttpService\FakeHttpService.csproj", "{63979569-4D1A-469B-8239-B35109FD1276}"
EndProject
Project("{FAE04EC0-301F-11D3-BF4B-00C04F79EFBC}") = "FakeHttpService.Tests", "FakeHttpService.Tests\FakeHttpService.Tests.csproj", "{00699576-6A88-47F8-B984-CAB0CB7285C9}"
EndProject
Global
	GlobalSection(SolutionConfigurationPlatforms) = preSolution
		Debug|Any CPU = Debug|Any CPU
		Debug|x64 = Debug|x64
		Debug|x86 = Debug|x86
		Release|Any CPU = Release|Any CPU
		Release|x64 = Release|x64
		Release|x86 = Release|x86
	EndGlobalSection
	GlobalSection(ProjectConfigurationPlatforms) = postSolution
		{63979569-4D1A-469B-8239-B35109FD1276}.Debug|Any CPU.ActiveCfg = Debug|Any CPU
		{63979569-4D1A-469B-8239-B35109FD1276}.Debug|Any CPU.Build.0 = Debug|Any CPU
		{63979569-4D1A-469B-8239-B35109FD1276}.Debug|x64.ActiveCfg = Debug|Any CPU
		{63979569-4D1A-469B-8239-B35109FD1276}.Debug|x64.Build.0 = Debug|Any CPU
		{63979569-4D1A-469B-8239-B35109FD1276}.Debug|x86.ActiveCfg = Debug|Any CPU
		{63979569-4D1A-469B-8239-B35109FD1276}.Debug|x86.Build.0 = Debug|Any CPU
		{63979569-4D1A-469B-8239-B35109FD1276}.Release|Any CPU.ActiveCfg = Release|Any CPU
		{63979569-4D1A-469B-8239-B35109FD1276}.Release|Any CPU.Build.0 = Release|Any CPU
		{63979569-4D1A-469B-8239-B35109FD1276}.Release|x64.ActiveCfg = Release|Any CPU
		{63979569-4D1A-469B-8239-B35109FD1276}.Release|x64.Build.0 = Release|Any CPU
		{63979569-4D1A-469B-8239-B35109FD1276}.Release|x86.ActiveCfg = Release|Any CPU
		{63979569-4D1A-469B-8239-B35109FD1276}.Release|x86.Build.0 = Release|Any CPU
		{00699576-6A88-47F8-B984-CAB0CB7285C9}.Debug|Any CPU.ActiveCfg = Debug|Any CPU
		{00699576-6A88-47F8-B984-CAB0CB7285C9}.Debug|Any CPU.Build.0 = Debug|Any CPU
		{00699576-6A88-47F8-B984-CAB0CB7285C9}.Debug|x64.ActiveCfg = Debug|Any CPU
		{00699576-6A88-47F8-B984-CAB0CB7285C9}.Debug|x64.Build.0 = Debug|Any CPU
		{00699576-6A88-47F8-B984-CAB0CB7285C9}.Debug|x86.ActiveCfg = Debug|Any CPU
		{00699576-6A88-47F8-B984-CAB0CB7285C9}.Debug|x86.Build.0 = Debug|Any CPU
		{00699576-6A88-47F8-B984-CAB0CB7285C9}.Release|Any CPU.ActiveCfg = Release|Any CPU
		{00699576-6A88-47F8-B984-CAB0CB7285C9}.Release|Any CPU.Build.0 = Release|Any CPU
		{00699576-6A88-47F8-B984-CAB0CB7285C9}.Release|x64.ActiveCfg = Release|Any CPU
		{00699576-6A88-47F8-B984-CAB0CB7285C9}.Release|x64.Build.0 = Release|Any CPU
		{00699576-6A88-47F8-B984-CAB0CB7285C9}.Release|x86.ActiveCfg = Release|Any CPU
		{00699576-6A88-47F8-B984-CAB0CB7285C9}.Release|x86.Build.0 = Release|Any CPU
	EndGlobalSection
	GlobalSection(SolutionProperties) = preSolution
		HideSolutionNode = FALSE
	EndGlobalSection
EndGlobal
