
Microsoft Visual Studio Solution File, Format Version 12.00
# Visual Studio 15
VisualStudioVersion = 15.0.26228.9
MinimumVisualStudioVersion = 10.0.40219.1
Project("{FAE04EC0-301F-11D3-BF4B-00C04F79EFBC}") = "FakeService", "FakeService.csproj", "{BCDE7AA5-F725-4E3E-A8D5-C16B88705B75}"
EndProject
Project("{FAE04EC0-301F-11D3-BF4B-00C04F79EFBC}") = "FakeService.Tests", "..\XUnitTestProject1\FakeService.Tests.csproj", "{F25722D3-7727-43F0-BFD5-B560B5F1B00D}"
EndProject
Global
	GlobalSection(SolutionConfigurationPlatforms) = preSolution
		Debug|Any CPU = Debug|Any CPU
		Release|Any CPU = Release|Any CPU
	EndGlobalSection
	GlobalSection(ProjectConfigurationPlatforms) = postSolution
		{BCDE7AA5-F725-4E3E-A8D5-C16B88705B75}.Debug|Any CPU.ActiveCfg = Debug|Any CPU
		{BCDE7AA5-F725-4E3E-A8D5-C16B88705B75}.Debug|Any CPU.Build.0 = Debug|Any CPU
		{BCDE7AA5-F725-4E3E-A8D5-C16B88705B75}.Release|Any CPU.ActiveCfg = Release|Any CPU
		{BCDE7AA5-F725-4E3E-A8D5-C16B88705B75}.Release|Any CPU.Build.0 = Release|Any CPU
		{F25722D3-7727-43F0-BFD5-B560B5F1B00D}.Debug|Any CPU.ActiveCfg = Debug|Any CPU
		{F25722D3-7727-43F0-BFD5-B560B5F1B00D}.Debug|Any CPU.Build.0 = Debug|Any CPU
		{F25722D3-7727-43F0-BFD5-B560B5F1B00D}.Release|Any CPU.ActiveCfg = Release|Any CPU
		{F25722D3-7727-43F0-BFD5-B560B5F1B00D}.Release|Any CPU.Build.0 = Release|Any CPU
	EndGlobalSection
	GlobalSection(SolutionProperties) = preSolution
		HideSolutionNode = FALSE
	EndGlobalSection
EndGlobal
